
Microsoft Visual Studio Solution File, Format Version 12.00
# Visual Studio Version 16
VisualStudioVersion = 16.0.31112.23
MinimumVisualStudioVersion = 10.0.40219.1
Project("{FAE04EC0-301F-11D3-BF4B-00C04F79EFBC}") = "SmokersThreads", "SmokersThreads\SmokersThreads.csproj", "{3BA9CA43-F16E-481E-A805-E5D39A65652F}"
EndProject
Global
	GlobalSection(SolutionConfigurationPlatforms) = preSolution
		Debug|Any CPU = Debug|Any CPU
		Release|Any CPU = Release|Any CPU
	EndGlobalSection
	GlobalSection(ProjectConfigurationPlatforms) = postSolution
		{3BA9CA43-F16E-481E-A805-E5D39A65652F}.Debug|Any CPU.ActiveCfg = Debug|Any CPU
		{3BA9CA43-F16E-481E-A805-E5D39A65652F}.Debug|Any CPU.Build.0 = Debug|Any CPU
		{3BA9CA43-F16E-481E-A805-E5D39A65652F}.Release|Any CPU.ActiveCfg = Release|Any CPU
		{3BA9CA43-F16E-481E-A805-E5D39A65652F}.Release|Any CPU.Build.0 = Release|Any CPU
	EndGlobalSection
	GlobalSection(SolutionProperties) = preSolution
		HideSolutionNode = FALSE
	EndGlobalSection
	GlobalSection(ExtensibilityGlobals) = postSolution
		SolutionGuid = {2FEFD1DA-1DC0-4FAC-8FBC-7BD604FD4FA3}
	EndGlobalSection
EndGlobal
